
Microsoft Visual Studio Solution File, Format Version 12.00
# Visual Studio Version 17
VisualStudioVersion = 17.7.34031.279
MinimumVisualStudioVersion = 10.0.40219.1
Project("{FAE04EC0-301F-11D3-BF4B-00C04F79EFBC}") = "Создание тортов.", "..\Создание тортов\Создание тортов\Создание тортов..csproj", "{49278FD6-29FF-4C47-84F2-8BBAF465E37C}"
EndProject
Global
	GlobalSection(SolutionConfigurationPlatforms) = preSolution
		Debug|Any CPU = Debug|Any CPU
		Release|Any CPU = Release|Any CPU
	EndGlobalSection
	GlobalSection(ProjectConfigurationPlatforms) = postSolution
		{49278FD6-29FF-4C47-84F2-8BBAF465E37C}.Debug|Any CPU.ActiveCfg = Debug|Any CPU
		{49278FD6-29FF-4C47-84F2-8BBAF465E37C}.Debug|Any CPU.Build.0 = Debug|Any CPU
		{49278FD6-29FF-4C47-84F2-8BBAF465E37C}.Release|Any CPU.ActiveCfg = Release|Any CPU
		{49278FD6-29FF-4C47-84F2-8BBAF465E37C}.Release|Any CPU.Build.0 = Release|Any CPU
	EndGlobalSection
	GlobalSection(SolutionProperties) = preSolution
		HideSolutionNode = FALSE
	EndGlobalSection
	GlobalSection(ExtensibilityGlobals) = postSolution
		SolutionGuid = {DB219A3C-E275-42A4-A1AB-1D62F3671B39}
	EndGlobalSection
EndGlobal
